{
  "version": 4,
  "terraform_version": "1.1.2",
  "serial": 9,
  "lineage": "4ef719ba-2175-8b68-4099-02c8df8f9c9b",
  "outputs": {
    "external_ip_address_node01_yandex_cloud": {
      "value": "51.250.83.161",
      "type": "string"
    },
    "internal_ip_address_node01_yandex_cloud": {
      "value": "192.168.101.13",
      "type": "string"
    }
  },
  "resources": [
    {
      "mode": "managed",
      "type": "yandex_compute_instance",
      "name": "node01",
      "provider": "provider[\"registry.terraform.io/yandex-cloud/yandex\"]",
      "instances": [
        {
          "schema_version": 1,
          "attributes": {
            "allow_stopping_for_update": true,
            "boot_disk": [
              {
                "auto_delete": true,
                "device_name": "fhmu3kha7mcse34nl4t3",
                "disk_id": "fhmu3kha7mcse34nl4t3",
                "initialize_params": [
                  {
                    "block_size": 4096,
                    "description": "",
                    "image_id": "fd880jvmtlggvk58r7gj",
                    "name": "root-node01",
                    "size": 50,
                    "snapshot_id": "",
                    "type": "network-ssd"
                  }
                ],
                "mode": "READ_WRITE"
              }
            ],
            "created_at": "2022-05-15T08:15:28Z",
            "description": "",
            "folder_id": "b1gjqqinqiio294fungv",
            "fqdn": "node01.netology.cloud",
            "hostname": "node01",
            "id": "fhmso0kmia6psu7qp61k",
            "labels": null,
            "metadata": {
              "ssh-keys": "-----BEGIN PUBLIC KEY-----\nAAAAB3NzaC1yc2EAAAADAQABAAABgQCpNsfhK66EKb4f6dd9sSTz7NnEhvVheNj4Nxi9LzgFkXAtYWf8eSo35MJMEx/4EbLbQ2JDkVJ71Tjg3qsQa0CGoG3ybJRttYO3w+V4488ehNFd2B0BAoekUzCapA+Pdd4z7fZtXNFAvdlZLM4n2sdt2Gr4JRD0K0p//m038/p/JdvNrLDVE0C8qLAMVfF7gyqxuX+lizwlMXgvK7jTrhi57QUK0BhL7NUt6kqSbpcRte9TUO1vit4igB+UdDw8AP89YwMYDC59oh2LkmdebhNvc+vSgx/YzzbL1zsEsErX7rcjOKLlv92wlEf2iIzgZFBSjrZM5/lWM5mBYo+6ujCafHjXHvswq4aBmrcIp/yQENpyfrWSuWyLjAqGtcD0fm0V8NFhF9xKd5KA0x8Df4N0NTo4DVDmDMTGPX8Z+JP6RJbRY5fq2IuyQTBkCufrbiSPqFV2SIE0+Y6l/DG4x+6/Q/kxRPLkz1haL+WtClHKOtwWa7B5wQjnvkxW6fQvcOc\n-----END PUBLIC KEY-----\n"
            },
            "name": "node01",
            "network_acceleration_type": "standard",
            "network_interface": [
              {
                "dns_record": [],
                "index": 0,
                "ip_address": "192.168.101.13",
                "ipv4": true,
                "ipv6": false,
                "ipv6_address": "",
                "ipv6_dns_record": [],
                "mac_address": "d0:0d:1c:c0:29:69",
                "nat": true,
                "nat_dns_record": [],
                "nat_ip_address": "51.250.83.161",
                "nat_ip_version": "IPV4",
                "security_group_ids": [],
                "subnet_id": "e9bmgcb0ij3k5ct0d1k9"
              }
            ],
            "placement_policy": [
              {
                "host_affinity_rules": [],
                "placement_group_id": ""
              }
            ],
            "platform_id": "standard-v1",
            "resources": [
              {
                "core_fraction": 100,
                "cores": 8,
                "gpus": 0,
                "memory": 8
              }
            ],
            "scheduling_policy": [
              {
                "preemptible": false
              }
            ],
            "secondary_disk": [],
            "service_account_id": "",
            "status": "running",
            "timeouts": null,
            "zone": "ru-central1-a"
          },
          "sensitive_attributes": [],
          "private": "eyJlMmJmYjczMC1lY2FhLTExZTYtOGY4OC0zNDM2M2JjN2M0YzAiOnsiY3JlYXRlIjozMDAwMDAwMDAwMDAsImRlbGV0ZSI6MzAwMDAwMDAwMDAwLCJ1cGRhdGUiOjMwMDAwMDAwMDAwMH0sInNjaGVtYV92ZXJzaW9uIjoiMSJ9",
          "dependencies": [
            "yandex_vpc_network.default",
            "yandex_vpc_subnet.default"
          ]
        }
      ]
    },
    {
      "mode": "managed",
      "type": "yandex_vpc_network",
      "name": "default",
      "provider": "provider[\"registry.terraform.io/yandex-cloud/yandex\"]",
      "instances": [
        {
          "schema_version": 0,
          "attributes": {
            "created_at": "2022-05-15T08:15:23Z",
            "default_security_group_id": "",
            "description": "",
            "folder_id": "b1gjqqinqiio294fungv",
            "id": "enpm09eki4scqlmvgvv3",
            "labels": {},
            "name": "net",
            "subnet_ids": [],
            "timeouts": null
          },
          "sensitive_attributes": [],
          "private": "eyJlMmJmYjczMC1lY2FhLTExZTYtOGY4OC0zNDM2M2JjN2M0YzAiOnsiY3JlYXRlIjo2MDAwMDAwMDAwMCwiZGVsZXRlIjo2MDAwMDAwMDAwMCwidXBkYXRlIjo2MDAwMDAwMDAwMH19"
        }
      ]
    },
    {
      "mode": "managed",
      "type": "yandex_vpc_subnet",
      "name": "default",
      "provider": "provider[\"registry.terraform.io/yandex-cloud/yandex\"]",
      "instances": [
        {
          "schema_version": 0,
          "attributes": {
            "created_at": "2022-05-15T08:15:24Z",
            "description": "",
            "dhcp_options": [],
            "folder_id": "b1gjqqinqiio294fungv",
            "id": "e9bmgcb0ij3k5ct0d1k9",
            "labels": {},
            "name": "subnet",
            "network_id": "enpm09eki4scqlmvgvv3",
            "route_table_id": "",
            "timeouts": null,
            "v4_cidr_blocks": [
              "192.168.101.0/24"
            ],
            "v6_cidr_blocks": [],
            "zone": "ru-central1-a"
          },
          "sensitive_attributes": [],
          "private": "eyJlMmJmYjczMC1lY2FhLTExZTYtOGY4OC0zNDM2M2JjN2M0YzAiOnsiY3JlYXRlIjoxODAwMDAwMDAwMDAsImRlbGV0ZSI6MTgwMDAwMDAwMDAwLCJ1cGRhdGUiOjE4MDAwMDAwMDAwMH19",
          "dependencies": [
            "yandex_vpc_network.default"
          ]
        }
      ]
    }
  ]
}
