{
  "version": 4,
  "terraform_version": "1.1.2",
  "serial": 5,
  "lineage": "4ef719ba-2175-8b68-4099-02c8df8f9c9b",
  "outputs": {
    "external_ip_address_node01_yandex_cloud": {
      "value": "51.250.77.228",
      "type": "string"
    },
    "internal_ip_address_node01_yandex_cloud": {
      "value": "192.168.101.8",
      "type": "string"
    }
  },
  "resources": [
    {
      "mode": "managed",
      "type": "yandex_compute_instance",
      "name": "node01",
      "provider": "provider[\"registry.terraform.io/yandex-cloud/yandex\"]",
      "instances": [
        {
          "schema_version": 1,
          "attributes": {
            "allow_stopping_for_update": true,
            "boot_disk": [
              {
                "auto_delete": true,
                "device_name": "fhmsc3ofn9u1bn8jdbdu",
                "disk_id": "fhmsc3ofn9u1bn8jdbdu",
                "initialize_params": [
                  {
                    "block_size": 4096,
                    "description": "",
                    "image_id": "fd8qosa772kodq8hqbbg",
                    "name": "root-node01",
                    "size": 50,
                    "snapshot_id": "",
                    "type": "network-ssd"
                  }
                ],
                "mode": "READ_WRITE"
              }
            ],
            "created_at": "2022-04-11T14:23:30Z",
            "description": "",
            "folder_id": "b1gcoodl8urbs3gqlr2u",
            "fqdn": "node01.netology.cloud",
            "hostname": "node01",
            "id": "fhmu3devsqtnf000g9r3",
            "labels": null,
            "metadata": {
              "ssh-keys": "-----BEGIN PUBLIC KEY-----\nMIIBIjANBgkqhkiG9w0BAQEFAAOCAQ8AMIIBCgKCAQEAkbk5feSYK7IScefypwJ1\nwpaGm0BsmaZmCD/o7V1CorY2sbU22nGTEWqbJSp7FTAuFN2G8VIU2QsJ9nadixYp\nU0csEbLN3ZBEOKsOSANu+kyss/Z+OBEVqMV7Mt+UBbsbLlO254z11q4tzScBgfIg\nUB38QmwHb1XNHkfJ9Q6/iIgoQrkqI6LOkQSWE1IzeCexBhsvGq1ZMOOjJo+CCl5x\nLFH8qrcpiFtkTVKAKpmkGn2kJNS80TUYiqRrvIPb+cZCvRkzWnCdlaGiHiMhwwdX\nHjtWlnUJUWo0uj4iqWO+xJjRXK6n4odnPwdIlu2vQilzACUk89fZ0tYzjvQJJBAB\n1QIDAQAB\n-----END PUBLIC KEY-----\n"
            },
            "name": "node01",
            "network_acceleration_type": "standard",
            "network_interface": [
              {
                "dns_record": [],
                "index": 0,
                "ip_address": "192.168.101.8",
                "ipv4": true,
                "ipv6": false,
                "ipv6_address": "",
                "ipv6_dns_record": [],
                "mac_address": "d0:0d:1e:1b:5d:fe",
                "nat": true,
                "nat_dns_record": [],
                "nat_ip_address": "51.250.77.228",
                "nat_ip_version": "IPV4",
                "security_group_ids": [],
                "subnet_id": "e9bapdvr549hdnk30ika"
              }
            ],
            "placement_policy": [
              {
                "host_affinity_rules": [],
                "placement_group_id": ""
              }
            ],
            "platform_id": "standard-v1",
            "resources": [
              {
                "core_fraction": 100,
                "cores": 8,
                "gpus": 0,
                "memory": 8
              }
            ],
            "scheduling_policy": [
              {
                "preemptible": false
              }
            ],
            "secondary_disk": [],
            "service_account_id": "",
            "status": "running",
            "timeouts": null,
            "zone": "ru-central1-a"
          },
          "sensitive_attributes": [],
          "private": "eyJlMmJmYjczMC1lY2FhLTExZTYtOGY4OC0zNDM2M2JjN2M0YzAiOnsiY3JlYXRlIjozMDAwMDAwMDAwMDAsImRlbGV0ZSI6MzAwMDAwMDAwMDAwLCJ1cGRhdGUiOjMwMDAwMDAwMDAwMH0sInNjaGVtYV92ZXJzaW9uIjoiMSJ9",
          "dependencies": [
            "yandex_vpc_network.default",
            "yandex_vpc_subnet.default"
          ]
        }
      ]
    },
    {
      "mode": "managed",
      "type": "yandex_vpc_network",
      "name": "default",
      "provider": "provider[\"registry.terraform.io/yandex-cloud/yandex\"]",
      "instances": [
        {
          "schema_version": 0,
          "attributes": {
            "created_at": "2022-04-11T14:23:28Z",
            "default_security_group_id": "",
            "description": "",
            "folder_id": "b1gcoodl8urbs3gqlr2u",
            "id": "enp0s43jeruhpqvidbg3",
            "labels": {},
            "name": "net",
            "subnet_ids": [],
            "timeouts": null
          },
          "sensitive_attributes": [],
          "private": "eyJlMmJmYjczMC1lY2FhLTExZTYtOGY4OC0zNDM2M2JjN2M0YzAiOnsiY3JlYXRlIjo2MDAwMDAwMDAwMCwiZGVsZXRlIjo2MDAwMDAwMDAwMCwidXBkYXRlIjo2MDAwMDAwMDAwMH19"
        }
      ]
    },
    {
      "mode": "managed",
      "type": "yandex_vpc_subnet",
      "name": "default",
      "provider": "provider[\"registry.terraform.io/yandex-cloud/yandex\"]",
      "instances": [
        {
          "schema_version": 0,
          "attributes": {
            "created_at": "2022-04-11T14:23:29Z",
            "description": "",
            "dhcp_options": [],
            "folder_id": "b1gcoodl8urbs3gqlr2u",
            "id": "e9bapdvr549hdnk30ika",
            "labels": {},
            "name": "subnet",
            "network_id": "enp0s43jeruhpqvidbg3",
            "route_table_id": "",
            "timeouts": null,
            "v4_cidr_blocks": [
              "192.168.101.0/24"
            ],
            "v6_cidr_blocks": [],
            "zone": "ru-central1-a"
          },
          "sensitive_attributes": [],
          "private": "eyJlMmJmYjczMC1lY2FhLTExZTYtOGY4OC0zNDM2M2JjN2M0YzAiOnsiY3JlYXRlIjoxODAwMDAwMDAwMDAsImRlbGV0ZSI6MTgwMDAwMDAwMDAwLCJ1cGRhdGUiOjE4MDAwMDAwMDAwMH19",
          "dependencies": [
            "yandex_vpc_network.default"
          ]
        }
      ]
    }
  ]
}
